
Microsoft Visual Studio Solution File, Format Version 12.00
# Visual Studio Version 16
VisualStudioVersion = 16.0.29911.84
MinimumVisualStudioVersion = 10.0.40219.1
Project("{FAE04EC0-301F-11D3-BF4B-00C04F79EFBC}") = "PosWeb", "POSweb\PosWeb.csproj", "{29CA2B86-B8FB-4C34-BA30-DAF38392626D}"
EndProject
Project("{FAE04EC0-301F-11D3-BF4B-00C04F79EFBC}") = "PosDataModel", "POSdatamodel\PosDataModel.csproj", "{4E05FFD6-224D-42B8-B19F-0BB297BFC60F}"
EndProject
Project("{FAE04EC0-301F-11D3-BF4B-00C04F79EFBC}") = "PosRepository", "PosRepository\PosRepository.csproj", "{EF24907B-4714-44EA-A452-F8153DD73BD5}"
EndProject
Global
	GlobalSection(SolutionConfigurationPlatforms) = preSolution
		Debug|Any CPU = Debug|Any CPU
		Release|Any CPU = Release|Any CPU
	EndGlobalSection
	GlobalSection(ProjectConfigurationPlatforms) = postSolution
		{29CA2B86-B8FB-4C34-BA30-DAF38392626D}.Debug|Any CPU.ActiveCfg = Debug|Any CPU
		{29CA2B86-B8FB-4C34-BA30-DAF38392626D}.Debug|Any CPU.Build.0 = Debug|Any CPU
		{29CA2B86-B8FB-4C34-BA30-DAF38392626D}.Release|Any CPU.ActiveCfg = Release|Any CPU
		{29CA2B86-B8FB-4C34-BA30-DAF38392626D}.Release|Any CPU.Build.0 = Release|Any CPU
		{4E05FFD6-224D-42B8-B19F-0BB297BFC60F}.Debug|Any CPU.ActiveCfg = Debug|Any CPU
		{4E05FFD6-224D-42B8-B19F-0BB297BFC60F}.Debug|Any CPU.Build.0 = Debug|Any CPU
		{4E05FFD6-224D-42B8-B19F-0BB297BFC60F}.Release|Any CPU.ActiveCfg = Release|Any CPU
		{4E05FFD6-224D-42B8-B19F-0BB297BFC60F}.Release|Any CPU.Build.0 = Release|Any CPU
		{EF24907B-4714-44EA-A452-F8153DD73BD5}.Debug|Any CPU.ActiveCfg = Debug|Any CPU
		{EF24907B-4714-44EA-A452-F8153DD73BD5}.Debug|Any CPU.Build.0 = Debug|Any CPU
		{EF24907B-4714-44EA-A452-F8153DD73BD5}.Release|Any CPU.ActiveCfg = Release|Any CPU
		{EF24907B-4714-44EA-A452-F8153DD73BD5}.Release|Any CPU.Build.0 = Release|Any CPU
	EndGlobalSection
	GlobalSection(SolutionProperties) = preSolution
		HideSolutionNode = FALSE
	EndGlobalSection
	GlobalSection(ExtensibilityGlobals) = postSolution
		SolutionGuid = {F268291F-EDE1-4237-A3D0-FAA96AD34C7F}
	EndGlobalSection
EndGlobal
